
Microsoft Visual Studio Solution File, Format Version 12.00
# Visual Studio Version 17
VisualStudioVersion = 17.13.35913.81
MinimumVisualStudioVersion = 10.0.40219.1
Project("{FAE04EC0-301F-11D3-BF4B-00C04F79EFBC}") = "API", "JobApplicationTracker\API.csproj", "{23CD8AD0-5F8E-44CC-BE77-25B49340B58A}"
EndProject
Project("{FAE04EC0-301F-11D3-BF4B-00C04F79EFBC}") = "Domain", "Domain\Domain.csproj", "{9A9552CB-9E25-490A-9EEF-5CD2CE5BF4CC}"
EndProject
Project("{FAE04EC0-301F-11D3-BF4B-00C04F79EFBC}") = "Infrastructure", "Infrastructure\Infrastructure.csproj", "{98DF62CC-4DFD-4ADA-97F3-1D5BFF625A91}"
EndProject
Project("{FAE04EC0-301F-11D3-BF4B-00C04F79EFBC}") = "Application", "Application\Application.csproj", "{1DE3D8E6-EEF5-4BF2-A98C-9F14B06EAC28}"
EndProject
Project("{2150E333-8FDC-42A3-9474-1A3956D46DE8}") = "Tests", "Tests", "{02EA681E-C7D8-13C7-8484-4AC65E1B71E8}"
EndProject
Project("{2150E333-8FDC-42A3-9474-1A3956D46DE8}") = "src", "src", "{46F03F83-457F-4E17-A1FF-5A9657C2E342}"
EndProject
Project("{FAE04EC0-301F-11D3-BF4B-00C04F79EFBC}") = "API.Tests", "Tests\API.Tests\API.Tests.csproj", "{99FA55D0-BE75-4034-85CB-3828ACA396B1}"
EndProject
Project("{FAE04EC0-301F-11D3-BF4B-00C04F79EFBC}") = "Application.Tests", "Tests\Application.Tests\Application.Tests.csproj", "{B4AE42FD-837D-414D-ADA1-799F1CED914C}"
EndProject
Project("{FAE04EC0-301F-11D3-BF4B-00C04F79EFBC}") = "Domain.Tests", "Tests\Domain.Tests\Domain.Tests.csproj", "{13DAB7C6-3B59-4347-A0AE-8081D08E9092}"
EndProject
Project("{FAE04EC0-301F-11D3-BF4B-00C04F79EFBC}") = "Infrastructure.Tests", "Tests\Infrastructure.Tests\Infrastructure.Tests.csproj", "{483DB1BE-3344-4F05-978C-DD96E80F1E66}"
EndProject
Global
	GlobalSection(SolutionConfigurationPlatforms) = preSolution
		Debug|Any CPU = Debug|Any CPU
		Release|Any CPU = Release|Any CPU
	EndGlobalSection
	GlobalSection(ProjectConfigurationPlatforms) = postSolution
		{23CD8AD0-5F8E-44CC-BE77-25B49340B58A}.Debug|Any CPU.ActiveCfg = Debug|Any CPU
		{23CD8AD0-5F8E-44CC-BE77-25B49340B58A}.Debug|Any CPU.Build.0 = Debug|Any CPU
		{23CD8AD0-5F8E-44CC-BE77-25B49340B58A}.Release|Any CPU.ActiveCfg = Release|Any CPU
		{23CD8AD0-5F8E-44CC-BE77-25B49340B58A}.Release|Any CPU.Build.0 = Release|Any CPU
		{9A9552CB-9E25-490A-9EEF-5CD2CE5BF4CC}.Debug|Any CPU.ActiveCfg = Debug|Any CPU
		{9A9552CB-9E25-490A-9EEF-5CD2CE5BF4CC}.Debug|Any CPU.Build.0 = Debug|Any CPU
		{9A9552CB-9E25-490A-9EEF-5CD2CE5BF4CC}.Release|Any CPU.ActiveCfg = Release|Any CPU
		{9A9552CB-9E25-490A-9EEF-5CD2CE5BF4CC}.Release|Any CPU.Build.0 = Release|Any CPU
		{98DF62CC-4DFD-4ADA-97F3-1D5BFF625A91}.Debug|Any CPU.ActiveCfg = Debug|Any CPU
		{98DF62CC-4DFD-4ADA-97F3-1D5BFF625A91}.Debug|Any CPU.Build.0 = Debug|Any CPU
		{98DF62CC-4DFD-4ADA-97F3-1D5BFF625A91}.Release|Any CPU.ActiveCfg = Release|Any CPU
		{98DF62CC-4DFD-4ADA-97F3-1D5BFF625A91}.Release|Any CPU.Build.0 = Release|Any CPU
		{1DE3D8E6-EEF5-4BF2-A98C-9F14B06EAC28}.Debug|Any CPU.ActiveCfg = Debug|Any CPU
		{1DE3D8E6-EEF5-4BF2-A98C-9F14B06EAC28}.Debug|Any CPU.Build.0 = Debug|Any CPU
		{1DE3D8E6-EEF5-4BF2-A98C-9F14B06EAC28}.Release|Any CPU.ActiveCfg = Release|Any CPU
		{1DE3D8E6-EEF5-4BF2-A98C-9F14B06EAC28}.Release|Any CPU.Build.0 = Release|Any CPU
		{99FA55D0-BE75-4034-85CB-3828ACA396B1}.Debug|Any CPU.ActiveCfg = Debug|Any CPU
		{99FA55D0-BE75-4034-85CB-3828ACA396B1}.Debug|Any CPU.Build.0 = Debug|Any CPU
		{99FA55D0-BE75-4034-85CB-3828ACA396B1}.Release|Any CPU.ActiveCfg = Release|Any CPU
		{99FA55D0-BE75-4034-85CB-3828ACA396B1}.Release|Any CPU.Build.0 = Release|Any CPU
		{B4AE42FD-837D-414D-ADA1-799F1CED914C}.Debug|Any CPU.ActiveCfg = Debug|Any CPU
		{B4AE42FD-837D-414D-ADA1-799F1CED914C}.Debug|Any CPU.Build.0 = Debug|Any CPU
		{B4AE42FD-837D-414D-ADA1-799F1CED914C}.Release|Any CPU.ActiveCfg = Release|Any CPU
		{B4AE42FD-837D-414D-ADA1-799F1CED914C}.Release|Any CPU.Build.0 = Release|Any CPU
		{13DAB7C6-3B59-4347-A0AE-8081D08E9092}.Debug|Any CPU.ActiveCfg = Debug|Any CPU
		{13DAB7C6-3B59-4347-A0AE-8081D08E9092}.Debug|Any CPU.Build.0 = Debug|Any CPU
		{13DAB7C6-3B59-4347-A0AE-8081D08E9092}.Release|Any CPU.ActiveCfg = Release|Any CPU
		{13DAB7C6-3B59-4347-A0AE-8081D08E9092}.Release|Any CPU.Build.0 = Release|Any CPU
		{483DB1BE-3344-4F05-978C-DD96E80F1E66}.Debug|Any CPU.ActiveCfg = Debug|Any CPU
		{483DB1BE-3344-4F05-978C-DD96E80F1E66}.Debug|Any CPU.Build.0 = Debug|Any CPU
		{483DB1BE-3344-4F05-978C-DD96E80F1E66}.Release|Any CPU.ActiveCfg = Release|Any CPU
		{483DB1BE-3344-4F05-978C-DD96E80F1E66}.Release|Any CPU.Build.0 = Release|Any CPU
	EndGlobalSection
	GlobalSection(SolutionProperties) = preSolution
		HideSolutionNode = FALSE
	EndGlobalSection
	GlobalSection(NestedProjects) = preSolution
		{23CD8AD0-5F8E-44CC-BE77-25B49340B58A} = {46F03F83-457F-4E17-A1FF-5A9657C2E342}
		{9A9552CB-9E25-490A-9EEF-5CD2CE5BF4CC} = {46F03F83-457F-4E17-A1FF-5A9657C2E342}
		{98DF62CC-4DFD-4ADA-97F3-1D5BFF625A91} = {46F03F83-457F-4E17-A1FF-5A9657C2E342}
		{1DE3D8E6-EEF5-4BF2-A98C-9F14B06EAC28} = {46F03F83-457F-4E17-A1FF-5A9657C2E342}
		{99FA55D0-BE75-4034-85CB-3828ACA396B1} = {02EA681E-C7D8-13C7-8484-4AC65E1B71E8}
		{B4AE42FD-837D-414D-ADA1-799F1CED914C} = {02EA681E-C7D8-13C7-8484-4AC65E1B71E8}
		{13DAB7C6-3B59-4347-A0AE-8081D08E9092} = {02EA681E-C7D8-13C7-8484-4AC65E1B71E8}
		{483DB1BE-3344-4F05-978C-DD96E80F1E66} = {02EA681E-C7D8-13C7-8484-4AC65E1B71E8}
	EndGlobalSection
	GlobalSection(ExtensibilityGlobals) = postSolution
		SolutionGuid = {9F5EA089-F223-4AD4-9538-ED3C9B70BF9E}
	EndGlobalSection
EndGlobal
